
Microsoft Visual Studio Solution File, Format Version 12.00
# Visual Studio Version 16
VisualStudioVersion = 16.0.33214.272
MinimumVisualStudioVersion = 10.0.40219.1
Project("{E24C65DC-7377-472B-9ABA-BC803B73C61A}") = "dongyu", "c:\project\dongyu\", "{23D7A27E-574D-4803-9D84-5DCF1B70B2C7}"
	ProjectSection(WebsiteProperties) = preProject
		TargetFrameworkMoniker = ".NETFramework,Version%3Dv4.0"
		Debug.AspNetCompiler.VirtualPath = "/PrecompiledWeb"
		Debug.AspNetCompiler.PhysicalPath = "..\dongyu\"
		Debug.AspNetCompiler.TargetPath = "PrecompiledWeb\"
		Debug.AspNetCompiler.Updateable = "true"
		Debug.AspNetCompiler.ForceOverwrite = "true"
		Debug.AspNetCompiler.FixedNames = "false"
		Debug.AspNetCompiler.Debug = "True"
		Release.AspNetCompiler.VirtualPath = "/PrecompiledWeb"
		Release.AspNetCompiler.PhysicalPath = "..\dongyu\"
		Release.AspNetCompiler.TargetPath = "PrecompiledWeb\"
		Release.AspNetCompiler.Updateable = "true"
		Release.AspNetCompiler.ForceOverwrite = "true"
		Release.AspNetCompiler.FixedNames = "false"
		Release.AspNetCompiler.Debug = "False"
		VWDPort = "11505"
		SlnRelativePath = "..\lindong\"
		DefaultWebSiteLanguage = "Visual C#"
	EndProjectSection
EndProject
Global
	GlobalSection(SolutionConfigurationPlatforms) = preSolution
		Debug|Any CPU = Debug|Any CPU
	EndGlobalSection
	GlobalSection(ProjectConfigurationPlatforms) = postSolution
		{23D7A27E-574D-4803-9D84-5DCF1B70B2C7}.Debug|Any CPU.ActiveCfg = Debug|Any CPU
		{23D7A27E-574D-4803-9D84-5DCF1B70B2C7}.Debug|Any CPU.Build.0 = Debug|Any CPU
	EndGlobalSection
	GlobalSection(SolutionProperties) = preSolution
		HideSolutionNode = FALSE
	EndGlobalSection
	GlobalSection(ExtensibilityGlobals) = postSolution
		SolutionGuid = {0B46EBFB-7F47-4B98-B7D6-74325E277A42}
	EndGlobalSection
EndGlobal
